
Microsoft Visual Studio Solution File, Format Version 12.00
# Visual Studio Version 16
VisualStudioVersion = 16.0.31605.320
MinimumVisualStudioVersion = 10.0.40219.1
Project("{9A19103F-16F7-4668-BE54-9A1E7A4F7556}") = "SimpleFactory", "SimpleFactory\SimpleFactory.csproj", "{1D55C05A-C466-4980-ABB4-9750AA48920E}"
EndProject
Project("{9A19103F-16F7-4668-BE54-9A1E7A4F7556}") = "FactoryMethod", "FactoryMethod\FactoryMethod.csproj", "{D8B8033E-32BB-4484-AAA6-898310C99F56}"
EndProject
Project("{9A19103F-16F7-4668-BE54-9A1E7A4F7556}") = "AbstractFactory", "AbstractFactory\AbstractFactory.csproj", "{6DD0760B-3B30-4705-ACA6-EC273A9E243E}"
EndProject
Project("{9A19103F-16F7-4668-BE54-9A1E7A4F7556}") = "Builder", "Builder\Builder.csproj", "{FE8E0805-271D-4309-8677-9014F7CAE028}"
EndProject
Project("{9A19103F-16F7-4668-BE54-9A1E7A4F7556}") = "Prototype", "Prototype\Prototype.csproj", "{8A76CA38-6610-4307-8DBE-64472C8B4C38}"
EndProject
Project("{FAE04EC0-301F-11D3-BF4B-00C04F79EFBC}") = "Singleton", "Singleton\Singleton.csproj", "{CE3CC9E7-604A-4D26-A65A-3EF768AC2A94}"
EndProject
Global
	GlobalSection(SolutionConfigurationPlatforms) = preSolution
		Debug|Any CPU = Debug|Any CPU
		Release|Any CPU = Release|Any CPU
	EndGlobalSection
	GlobalSection(ProjectConfigurationPlatforms) = postSolution
		{1D55C05A-C466-4980-ABB4-9750AA48920E}.Debug|Any CPU.ActiveCfg = Debug|Any CPU
		{1D55C05A-C466-4980-ABB4-9750AA48920E}.Debug|Any CPU.Build.0 = Debug|Any CPU
		{1D55C05A-C466-4980-ABB4-9750AA48920E}.Release|Any CPU.ActiveCfg = Release|Any CPU
		{1D55C05A-C466-4980-ABB4-9750AA48920E}.Release|Any CPU.Build.0 = Release|Any CPU
		{D8B8033E-32BB-4484-AAA6-898310C99F56}.Debug|Any CPU.ActiveCfg = Debug|Any CPU
		{D8B8033E-32BB-4484-AAA6-898310C99F56}.Debug|Any CPU.Build.0 = Debug|Any CPU
		{D8B8033E-32BB-4484-AAA6-898310C99F56}.Release|Any CPU.ActiveCfg = Release|Any CPU
		{D8B8033E-32BB-4484-AAA6-898310C99F56}.Release|Any CPU.Build.0 = Release|Any CPU
		{6DD0760B-3B30-4705-ACA6-EC273A9E243E}.Debug|Any CPU.ActiveCfg = Debug|Any CPU
		{6DD0760B-3B30-4705-ACA6-EC273A9E243E}.Debug|Any CPU.Build.0 = Debug|Any CPU
		{6DD0760B-3B30-4705-ACA6-EC273A9E243E}.Release|Any CPU.ActiveCfg = Release|Any CPU
		{6DD0760B-3B30-4705-ACA6-EC273A9E243E}.Release|Any CPU.Build.0 = Release|Any CPU
		{FE8E0805-271D-4309-8677-9014F7CAE028}.Debug|Any CPU.ActiveCfg = Debug|Any CPU
		{FE8E0805-271D-4309-8677-9014F7CAE028}.Debug|Any CPU.Build.0 = Debug|Any CPU
		{FE8E0805-271D-4309-8677-9014F7CAE028}.Release|Any CPU.ActiveCfg = Release|Any CPU
		{FE8E0805-271D-4309-8677-9014F7CAE028}.Release|Any CPU.Build.0 = Release|Any CPU
		{8A76CA38-6610-4307-8DBE-64472C8B4C38}.Debug|Any CPU.ActiveCfg = Debug|Any CPU
		{8A76CA38-6610-4307-8DBE-64472C8B4C38}.Debug|Any CPU.Build.0 = Debug|Any CPU
		{8A76CA38-6610-4307-8DBE-64472C8B4C38}.Release|Any CPU.ActiveCfg = Release|Any CPU
		{8A76CA38-6610-4307-8DBE-64472C8B4C38}.Release|Any CPU.Build.0 = Release|Any CPU
		{CE3CC9E7-604A-4D26-A65A-3EF768AC2A94}.Debug|Any CPU.ActiveCfg = Debug|Any CPU
		{CE3CC9E7-604A-4D26-A65A-3EF768AC2A94}.Debug|Any CPU.Build.0 = Debug|Any CPU
		{CE3CC9E7-604A-4D26-A65A-3EF768AC2A94}.Release|Any CPU.ActiveCfg = Release|Any CPU
		{CE3CC9E7-604A-4D26-A65A-3EF768AC2A94}.Release|Any CPU.Build.0 = Release|Any CPU
	EndGlobalSection
	GlobalSection(SolutionProperties) = preSolution
		HideSolutionNode = FALSE
	EndGlobalSection
	GlobalSection(ExtensibilityGlobals) = postSolution
		SolutionGuid = {27546A58-1F46-45E8-8116-A54635D9CD03}
	EndGlobalSection
EndGlobal
